
Microsoft Visual Studio Solution File, Format Version 12.00
# Visual Studio Version 17
VisualStudioVersion = 17.3.32929.385
MinimumVisualStudioVersion = 10.0.40219.1
Project("{FAE04EC0-301F-11D3-BF4B-00C04F79EFBC}") = "FindPrimeNumber", "FindPrimeNumber.csproj", "{479DCE93-951F-4A4B-A24B-4D7F3D5EED98}"
EndProject
Project("{FAE04EC0-301F-11D3-BF4B-00C04F79EFBC}") = "FindPrimeTest", "..\FindPrimeTest\FindPrimeTest.csproj", "{A0390A99-6D9E-42F7-A2B6-7C668973F8F0}"
EndProject
Global
	GlobalSection(SolutionConfigurationPlatforms) = preSolution
		Debug|Any CPU = Debug|Any CPU
		Release|Any CPU = Release|Any CPU
	EndGlobalSection
	GlobalSection(ProjectConfigurationPlatforms) = postSolution
		{479DCE93-951F-4A4B-A24B-4D7F3D5EED98}.Debug|Any CPU.ActiveCfg = Debug|Any CPU
		{479DCE93-951F-4A4B-A24B-4D7F3D5EED98}.Debug|Any CPU.Build.0 = Debug|Any CPU
		{479DCE93-951F-4A4B-A24B-4D7F3D5EED98}.Release|Any CPU.ActiveCfg = Release|Any CPU
		{479DCE93-951F-4A4B-A24B-4D7F3D5EED98}.Release|Any CPU.Build.0 = Release|Any CPU
		{A0390A99-6D9E-42F7-A2B6-7C668973F8F0}.Debug|Any CPU.ActiveCfg = Debug|Any CPU
		{A0390A99-6D9E-42F7-A2B6-7C668973F8F0}.Debug|Any CPU.Build.0 = Debug|Any CPU
		{A0390A99-6D9E-42F7-A2B6-7C668973F8F0}.Release|Any CPU.ActiveCfg = Release|Any CPU
		{A0390A99-6D9E-42F7-A2B6-7C668973F8F0}.Release|Any CPU.Build.0 = Release|Any CPU
	EndGlobalSection
	GlobalSection(SolutionProperties) = preSolution
		HideSolutionNode = FALSE
	EndGlobalSection
	GlobalSection(ExtensibilityGlobals) = postSolution
		SolutionGuid = {762757C7-F45E-49FA-BB02-633CC97A8575}
	EndGlobalSection
EndGlobal
